
Microsoft Visual Studio Solution File, Format Version 12.00
# Visual Studio Version 16
VisualStudioVersion = 16.0.31005.135
MinimumVisualStudioVersion = 10.0.40219.1
Project("{FAE04EC0-301F-11D3-BF4B-00C04F79EFBC}") = "ShoppingList", "ShoppingList\ShoppingList.csproj", "{AC12C7F8-517D-4A9B-8DB5-BA10D22A92AE}"
EndProject
Global
	GlobalSection(SolutionConfigurationPlatforms) = preSolution
		Debug|Any CPU = Debug|Any CPU
		Release|Any CPU = Release|Any CPU
	EndGlobalSection
	GlobalSection(ProjectConfigurationPlatforms) = postSolution
		{AC12C7F8-517D-4A9B-8DB5-BA10D22A92AE}.Debug|Any CPU.ActiveCfg = Debug|Any CPU
		{AC12C7F8-517D-4A9B-8DB5-BA10D22A92AE}.Debug|Any CPU.Build.0 = Debug|Any CPU
		{AC12C7F8-517D-4A9B-8DB5-BA10D22A92AE}.Release|Any CPU.ActiveCfg = Release|Any CPU
		{AC12C7F8-517D-4A9B-8DB5-BA10D22A92AE}.Release|Any CPU.Build.0 = Release|Any CPU
	EndGlobalSection
	GlobalSection(SolutionProperties) = preSolution
		HideSolutionNode = FALSE
	EndGlobalSection
	GlobalSection(ExtensibilityGlobals) = postSolution
		SolutionGuid = {424DFFBE-74E8-4B0E-92FA-38885EE3AEB3}
	EndGlobalSection
EndGlobal
